{
    "version": 3,
    "terraform_version": "0.10.7",
    "serial": 7,
    "lineage": "75731b1e-7461-4f9b-ab57-0390ae572cc0",
    "modules": [
        {
            "path": [
                "root"
            ],
            "outputs": {
                "eip": {
                    "sensitive": false,
                    "type": "string",
                    "value": "eipalloc-5bae3c66"
                },
                "internet_gateway": {
                    "sensitive": false,
                    "type": "string",
                    "value": "igw-ccf0daab"
                },
                "nat_gateway": {
                    "sensitive": false,
                    "type": "string",
                    "value": "nat-0d4317460bc0cca79"
                },
                "network_acl": {
                    "sensitive": false,
                    "type": "string",
                    "value": "acl-481de631"
                },
                "routeTable-private": {
                    "sensitive": false,
                    "type": "string",
                    "value": "rtb-4060f539"
                },
                "routeTable-public": {
                    "sensitive": false,
                    "type": "string",
                    "value": "rtb-9c60f5e5"
                },
                "subnet-priv1": {
                    "sensitive": false,
                    "type": "string",
                    "value": "subnet-7784ad2c"
                },
                "subnet-priv2": {
                    "sensitive": false,
                    "type": "string",
                    "value": "subnet-8685acdd"
                },
                "subnet-priv3": {
                    "sensitive": false,
                    "type": "string",
                    "value": "subnet-da0569bc"
                },
                "subnet-priv4": {
                    "sensitive": false,
                    "type": "string",
                    "value": "subnet-d980a982"
                },
                "subnet-publlic": {
                    "sensitive": false,
                    "type": "string",
                    "value": "subnet-d30468b5"
                },
                "vpc": {
                    "sensitive": false,
                    "type": "string",
                    "value": "vpc-eb366e8d"
                }
            },
            "resources": {
                "aws_eip.eip": {
                    "type": "aws_eip",
                    "depends_on": [],
                    "primary": {
                        "id": "eipalloc-5bae3c66",
                        "attributes": {
                            "association_id": "eipassoc-4cfb4c73",
                            "domain": "vpc",
                            "id": "eipalloc-5bae3c66",
                            "instance": "",
                            "network_interface": "eni-aab4f28b",
                            "private_ip": "10.0.1.130",
                            "public_ip": "34.212.19.45",
                            "vpc": "true"
                        },
                        "meta": {},
                        "tainted": false
                    },
                    "deposed": [],
                    "provider": ""
                },
                "aws_internet_gateway.lnik_igw": {
                    "type": "aws_internet_gateway",
                    "depends_on": [
                        "aws_vpc.l_nik_vpc"
                    ],
                    "primary": {
                        "id": "igw-ccf0daab",
                        "attributes": {
                            "id": "igw-ccf0daab",
                            "tags.%": "4",
                            "tags.Environment": "Testing",
                            "tags.Name": "lnik_igw",
                            "tags.Owner": "nikhil.linga",
                            "tags.Project": "ReanIntern",
                            "vpc_id": "vpc-eb366e8d"
                        },
                        "meta": {},
                        "tainted": false
                    },
                    "deposed": [],
                    "provider": ""
                },
                "aws_nat_gateway.NATgw": {
                    "type": "aws_nat_gateway",
                    "depends_on": [
                        "aws_eip.eip",
                        "aws_subnet.pubSubnet1"
                    ],
                    "primary": {
                        "id": "nat-0d4317460bc0cca79",
                        "attributes": {
                            "allocation_id": "eipalloc-5bae3c66",
                            "id": "nat-0d4317460bc0cca79",
                            "network_interface_id": "eni-aab4f28b",
                            "private_ip": "10.0.1.130",
                            "public_ip": "34.212.19.45",
                            "subnet_id": "subnet-d30468b5",
                            "tags.%": "4",
                            "tags.Environment": "Testing",
                            "tags.Name": "NATgw",
                            "tags.Owner": "nikhil.linga",
                            "tags.Project": "ReanIntern"
                        },
                        "meta": {},
                        "tainted": false
                    },
                    "deposed": [],
                    "provider": ""
                },
                "aws_network_acl.lnik_nacl": {
                    "type": "aws_network_acl",
                    "depends_on": [
                        "aws_subnet.privSubnet1",
                        "aws_subnet.privSubnet2",
                        "aws_subnet.privSubnet3",
                        "aws_subnet.privSubnet4",
                        "aws_subnet.pubSubnet1",
                        "aws_vpc.l_nik_vpc"
                    ],
                    "primary": {
                        "id": "acl-481de631",
                        "attributes": {
                            "egress.#": "1",
                            "egress.130188622.action": "allow",
                            "egress.130188622.cidr_block": "0.0.0.0/0",
                            "egress.130188622.from_port": "0",
                            "egress.130188622.icmp_code": "0",
                            "egress.130188622.icmp_type": "0",
                            "egress.130188622.ipv6_cidr_block": "",
                            "egress.130188622.protocol": "6",
                            "egress.130188622.rule_no": "200",
                            "egress.130188622.to_port": "65535",
                            "id": "acl-481de631",
                            "ingress.#": "1",
                            "ingress.3731978989.action": "allow",
                            "ingress.3731978989.cidr_block": "202.65.158.154/32",
                            "ingress.3731978989.from_port": "80",
                            "ingress.3731978989.icmp_code": "0",
                            "ingress.3731978989.icmp_type": "0",
                            "ingress.3731978989.ipv6_cidr_block": "",
                            "ingress.3731978989.protocol": "6",
                            "ingress.3731978989.rule_no": "100",
                            "ingress.3731978989.to_port": "80",
                            "subnet_ids.#": "5",
                            "subnet_ids.128321858": "subnet-7784ad2c",
                            "subnet_ids.3309067675": "subnet-da0569bc",
                            "subnet_ids.3487306307": "subnet-d30468b5",
                            "subnet_ids.4216788209": "subnet-d980a982",
                            "subnet_ids.844840990": "subnet-8685acdd",
                            "tags.%": "4",
                            "tags.Environment": "Testing",
                            "tags.Name": "lnik_acl",
                            "tags.Owner": "nikhil.linga",
                            "tags.Project": "ReanIntern",
                            "vpc_id": "vpc-eb366e8d"
                        },
                        "meta": {},
                        "tainted": false
                    },
                    "deposed": [],
                    "provider": ""
                },
                "aws_route_table.lnikRTpriv": {
                    "type": "aws_route_table",
                    "depends_on": [
                        "aws_nat_gateway.NATgw",
                        "aws_vpc.l_nik_vpc"
                    ],
                    "primary": {
                        "id": "rtb-4060f539",
                        "attributes": {
                            "id": "rtb-4060f539",
                            "propagating_vgws.#": "0",
                            "route.#": "1",
                            "route.2975467491.cidr_block": "0.0.0.0/0",
                            "route.2975467491.egress_only_gateway_id": "",
                            "route.2975467491.gateway_id": "",
                            "route.2975467491.instance_id": "",
                            "route.2975467491.ipv6_cidr_block": "",
                            "route.2975467491.nat_gateway_id": "nat-0d4317460bc0cca79",
                            "route.2975467491.network_interface_id": "",
                            "route.2975467491.vpc_peering_connection_id": "",
                            "tags.%": "4",
                            "tags.Environment": "Testing",
                            "tags.Name": "priv_routeT",
                            "tags.Owner": "nikhil.linga",
                            "tags.Project": "ReanIntern",
                            "vpc_id": "vpc-eb366e8d"
                        },
                        "meta": {},
                        "tainted": false
                    },
                    "deposed": [],
                    "provider": ""
                },
                "aws_route_table.lnikRTpublic": {
                    "type": "aws_route_table",
                    "depends_on": [
                        "aws_internet_gateway.lnik_igw",
                        "aws_vpc.l_nik_vpc"
                    ],
                    "primary": {
                        "id": "rtb-9c60f5e5",
                        "attributes": {
                            "id": "rtb-9c60f5e5",
                            "propagating_vgws.#": "0",
                            "route.#": "1",
                            "route.2783802968.cidr_block": "0.0.0.0/0",
                            "route.2783802968.egress_only_gateway_id": "",
                            "route.2783802968.gateway_id": "igw-ccf0daab",
                            "route.2783802968.instance_id": "",
                            "route.2783802968.ipv6_cidr_block": "",
                            "route.2783802968.nat_gateway_id": "",
                            "route.2783802968.network_interface_id": "",
                            "route.2783802968.vpc_peering_connection_id": "",
                            "tags.%": "4",
                            "tags.Environment": "Testing",
                            "tags.Name": "public_routeT",
                            "tags.Owner": "nikhil.linga",
                            "tags.Project": "ReanIntern",
                            "vpc_id": "vpc-eb366e8d"
                        },
                        "meta": {},
                        "tainted": false
                    },
                    "deposed": [],
                    "provider": ""
                },
                "aws_route_table_association.privRTA1": {
                    "type": "aws_route_table_association",
                    "depends_on": [
                        "aws_route_table.lnikRTpriv",
                        "aws_subnet.privSubnet1"
                    ],
                    "primary": {
                        "id": "rtbassoc-067f4f7e",
                        "attributes": {
                            "id": "rtbassoc-067f4f7e",
                            "route_table_id": "rtb-4060f539",
                            "subnet_id": "subnet-7784ad2c"
                        },
                        "meta": {},
                        "tainted": false
                    },
                    "deposed": [],
                    "provider": ""
                },
                "aws_route_table_association.privRTA2": {
                    "type": "aws_route_table_association",
                    "depends_on": [
                        "aws_route_table.lnikRTpriv",
                        "aws_subnet.privSubnet2"
                    ],
                    "primary": {
                        "id": "rtbassoc-f97c4c81",
                        "attributes": {
                            "id": "rtbassoc-f97c4c81",
                            "route_table_id": "rtb-4060f539",
                            "subnet_id": "subnet-8685acdd"
                        },
                        "meta": {},
                        "tainted": false
                    },
                    "deposed": [],
                    "provider": ""
                },
                "aws_route_table_association.privRTA3": {
                    "type": "aws_route_table_association",
                    "depends_on": [
                        "aws_route_table.lnikRTpriv",
                        "aws_subnet.privSubnet3"
                    ],
                    "primary": {
                        "id": "rtbassoc-da7a4aa2",
                        "attributes": {
                            "id": "rtbassoc-da7a4aa2",
                            "route_table_id": "rtb-4060f539",
                            "subnet_id": "subnet-da0569bc"
                        },
                        "meta": {},
                        "tainted": false
                    },
                    "deposed": [],
                    "provider": ""
                },
                "aws_route_table_association.privRTA4": {
                    "type": "aws_route_table_association",
                    "depends_on": [
                        "aws_route_table.lnikRTpriv",
                        "aws_subnet.privSubnet4"
                    ],
                    "primary": {
                        "id": "rtbassoc-39605041",
                        "attributes": {
                            "id": "rtbassoc-39605041",
                            "route_table_id": "rtb-4060f539",
                            "subnet_id": "subnet-d980a982"
                        },
                        "meta": {},
                        "tainted": false
                    },
                    "deposed": [],
                    "provider": ""
                },
                "aws_route_table_association.pubRTA": {
                    "type": "aws_route_table_association",
                    "depends_on": [
                        "aws_route_table.lnikRTpublic",
                        "aws_subnet.pubSubnet1"
                    ],
                    "primary": {
                        "id": "rtbassoc-207b4b58",
                        "attributes": {
                            "id": "rtbassoc-207b4b58",
                            "route_table_id": "rtb-9c60f5e5",
                            "subnet_id": "subnet-d30468b5"
                        },
                        "meta": {},
                        "tainted": false
                    },
                    "deposed": [],
                    "provider": ""
                },
                "aws_subnet.privSubnet1": {
                    "type": "aws_subnet",
                    "depends_on": [
                        "aws_vpc.l_nik_vpc"
                    ],
                    "primary": {
                        "id": "subnet-7784ad2c",
                        "attributes": {
                            "assign_ipv6_address_on_creation": "false",
                            "availability_zone": "us-west-2c",
                            "cidr_block": "10.0.2.0/24",
                            "id": "subnet-7784ad2c",
                            "map_public_ip_on_launch": "false",
                            "tags.%": "4",
                            "tags.Environment": "Testing",
                            "tags.Name": "priv_subnet_1",
                            "tags.Owner": "nikhil.linga",
                            "tags.Project": "ReanIntern",
                            "vpc_id": "vpc-eb366e8d"
                        },
                        "meta": {
                            "schema_version": "1"
                        },
                        "tainted": false
                    },
                    "deposed": [],
                    "provider": ""
                },
                "aws_subnet.privSubnet2": {
                    "type": "aws_subnet",
                    "depends_on": [
                        "aws_vpc.l_nik_vpc"
                    ],
                    "primary": {
                        "id": "subnet-8685acdd",
                        "attributes": {
                            "assign_ipv6_address_on_creation": "false",
                            "availability_zone": "us-west-2c",
                            "cidr_block": "10.0.3.0/24",
                            "id": "subnet-8685acdd",
                            "map_public_ip_on_launch": "false",
                            "tags.%": "4",
                            "tags.Environment": "Testing",
                            "tags.Name": "public_subnet_2",
                            "tags.Owner": "nikhil.linga",
                            "tags.Project": "ReanIntern",
                            "vpc_id": "vpc-eb366e8d"
                        },
                        "meta": {
                            "schema_version": "1"
                        },
                        "tainted": false
                    },
                    "deposed": [],
                    "provider": ""
                },
                "aws_subnet.privSubnet3": {
                    "type": "aws_subnet",
                    "depends_on": [
                        "aws_vpc.l_nik_vpc"
                    ],
                    "primary": {
                        "id": "subnet-da0569bc",
                        "attributes": {
                            "assign_ipv6_address_on_creation": "false",
                            "availability_zone": "us-west-2a",
                            "cidr_block": "10.0.4.0/24",
                            "id": "subnet-da0569bc",
                            "map_public_ip_on_launch": "false",
                            "tags.%": "4",
                            "tags.Environment": "Testing",
                            "tags.Name": "priv_subnet_3",
                            "tags.Owner": "nikhil.linga",
                            "tags.Project": "ReanIntern",
                            "vpc_id": "vpc-eb366e8d"
                        },
                        "meta": {
                            "schema_version": "1"
                        },
                        "tainted": false
                    },
                    "deposed": [],
                    "provider": ""
                },
                "aws_subnet.privSubnet4": {
                    "type": "aws_subnet",
                    "depends_on": [
                        "aws_vpc.l_nik_vpc"
                    ],
                    "primary": {
                        "id": "subnet-d980a982",
                        "attributes": {
                            "assign_ipv6_address_on_creation": "false",
                            "availability_zone": "us-west-2c",
                            "cidr_block": "10.0.5.0/24",
                            "id": "subnet-d980a982",
                            "map_public_ip_on_launch": "false",
                            "tags.%": "4",
                            "tags.Environment": "Testing",
                            "tags.Name": "priv_subnet_4",
                            "tags.Owner": "nikhil.linga",
                            "tags.Project": "ReanIntern",
                            "vpc_id": "vpc-eb366e8d"
                        },
                        "meta": {
                            "schema_version": "1"
                        },
                        "tainted": false
                    },
                    "deposed": [],
                    "provider": ""
                },
                "aws_subnet.pubSubnet1": {
                    "type": "aws_subnet",
                    "depends_on": [
                        "aws_vpc.l_nik_vpc"
                    ],
                    "primary": {
                        "id": "subnet-d30468b5",
                        "attributes": {
                            "assign_ipv6_address_on_creation": "false",
                            "availability_zone": "us-west-2a",
                            "cidr_block": "10.0.1.0/24",
                            "id": "subnet-d30468b5",
                            "map_public_ip_on_launch": "false",
                            "tags.%": "4",
                            "tags.Environment": "Testing",
                            "tags.Name": "public_subnet_1",
                            "tags.Owner": "nikhil.linga",
                            "tags.Project": "ReanIntern",
                            "vpc_id": "vpc-eb366e8d"
                        },
                        "meta": {
                            "schema_version": "1"
                        },
                        "tainted": false
                    },
                    "deposed": [],
                    "provider": ""
                },
                "aws_vpc.l_nik_vpc": {
                    "type": "aws_vpc",
                    "depends_on": [],
                    "primary": {
                        "id": "vpc-eb366e8d",
                        "attributes": {
                            "assign_generated_ipv6_cidr_block": "false",
                            "cidr_block": "10.0.0.0/16",
                            "default_network_acl_id": "acl-2c1ce755",
                            "default_route_table_id": "rtb-b361f4ca",
                            "default_security_group_id": "sg-05fa8878",
                            "dhcp_options_id": "dopt-a5d7c5c7",
                            "enable_classiclink": "false",
                            "enable_classiclink_dns_support": "false",
                            "enable_dns_hostnames": "false",
                            "enable_dns_support": "true",
                            "id": "vpc-eb366e8d",
                            "instance_tenancy": "default",
                            "main_route_table_id": "rtb-b361f4ca",
                            "tags.%": "4",
                            "tags.Environment": "Testing",
                            "tags.Name": "l_nik_vpc",
                            "tags.Owner": "nikhil.linga",
                            "tags.Project": "ReanIntern"
                        },
                        "meta": {
                            "schema_version": "1"
                        },
                        "tainted": false
                    },
                    "deposed": [],
                    "provider": ""
                }
            },
            "depends_on": []
        }
    ]
}
